<?xml version="1.0" encoding="utf-8"?>
<Project ToolsVersion="4.0" xmlns="http://schemas.microsoft.com/developer/msbuild/2003">
  <ItemGroup>
    <Filter Include="源文件">
      <UniqueIdentifier>{4FC737F1-C7A5-4376-A066-2A32D752A2FF}</UniqueIdentifier>
      <Extensions>cpp;c;cc;cxx;def;odl;idl;hpj;bat;asm;asmx</Extensions>
    </Filter>
    <Filter Include="头文件">
      <UniqueIdentifier>{93995380-89BD-4b04-88EB-625FBE52EBFB}</UniqueIdentifier>
      <Extensions>h;hh;hpp;hxx;hm;inl;inc;xsd</Extensions>
    </Filter>
    <Filter Include="资源文件">
      <UniqueIdentifier>{67DA6AB6-F800-4c08-8B7A-83BB121AAD01}</UniqueIdentifier>
      <Extensions>rc;ico;cur;bmp;dlg;rc2;rct;bin;rgs;gif;jpg;jpeg;jpe;resx;tiff;tif;png;wav;mfcribbon-ms</Extensions>
    </Filter>
    <Filter Include="frame_work">
      <UniqueIdentifier>{84c4af30-bb8d-447e-a389-a9ccfdf5d266}</UniqueIdentifier>
    </Filter>
    <Filter Include="main">
      <UniqueIdentifier>{74c993aa-e7a7-4971-9ce4-de3304c3b6eb}</UniqueIdentifier>
    </Filter>
  </ItemGroup>
  <ItemGroup>
    <ClCompile Include="..\frame_work\ODSocket.cpp">
      <Filter>frame_work</Filter>
    </ClCompile>
    <ClCompile Include="..\frame_work\SocketThread.cpp">
      <Filter>frame_work</Filter>
    </ClCompile>
    <ClCompile Include="..\main\run.cpp">
      <Filter>main</Filter>
    </ClCompile>
    <ClCompile Include="..\frame_work\CircularBuffer.cpp">
      <Filter>frame_work</Filter>
    </ClCompile>
    <ClCompile Include="..\frame_work\Buffer.cpp">
      <Filter>frame_work</Filter>
    </ClCompile>
    <ClCompile Include="..\frame_work\NetPacket.cpp">
      <Filter>frame_work</Filter>
    </ClCompile>
    <ClCompile Include="..\frame_work\Mutex.cpp">
      <Filter>frame_work</Filter>
    </ClCompile>
    <ClCompile Include="..\frame_work\ResPonseThread.cpp">
      <Filter>frame_work</Filter>
    </ClCompile>
  </ItemGroup>
  <ItemGroup>
    <ClInclude Include="..\frame_work\ODSocket.h">
      <Filter>frame_work</Filter>
    </ClInclude>
    <ClInclude Include="..\frame_work\SocketThread.h">
      <Filter>frame_work</Filter>
    </ClInclude>
    <ClInclude Include="..\frame_work\CircularBuffer.h">
      <Filter>frame_work</Filter>
    </ClInclude>
    <ClInclude Include="..\frame_work\BaseDef.h">
      <Filter>frame_work</Filter>
    </ClInclude>
    <ClInclude Include="..\frame_work\Buffer.h">
      <Filter>frame_work</Filter>
    </ClInclude>
    <ClInclude Include="..\frame_work\ByteBuffer.h">
      <Filter>frame_work</Filter>
    </ClInclude>
    <ClInclude Include="..\frame_work\NetPacket.h">
      <Filter>frame_work</Filter>
    </ClInclude>
    <ClInclude Include="..\frame_work\Atomic.h">
      <Filter>frame_work</Filter>
    </ClInclude>
    <ClInclude Include="..\frame_work\Mutex.h">
      <Filter>frame_work</Filter>
    </ClInclude>
    <ClInclude Include="..\frame_work\ResPonseThread.h">
      <Filter>frame_work</Filter>
    </ClInclude>
    <ClInclude Include="..\frame_work\ThreadSafeBlockQueue.h">
      <Filter>frame_work</Filter>
    </ClInclude>
  </ItemGroup>
</Project>